
Microsoft Visual Studio Solution File, Format Version 12.00
# Visual Studio Version 17
VisualStudioVersion = 17.1.32328.378
MinimumVisualStudioVersion = 10.0.40219.1
Project("{9A19103F-16F7-4668-BE54-9A1E7A4F7556}") = "API", "API\API.csproj", "{A79D054D-4D8D-45C7-9CFC-B955A6F5D3E1}"
EndProject
Project("{9A19103F-16F7-4668-BE54-9A1E7A4F7556}") = "Persistence", "Persistence\Persistence.csproj", "{BAE6F49D-0905-4017-AD4A-5B6AA1D3883A}"
EndProject
Project("{9A19103F-16F7-4668-BE54-9A1E7A4F7556}") = "Domain", "Domain\Domain.csproj", "{83237E33-141A-4586-B661-032CDA2DAB44}"
EndProject
Global
	GlobalSection(SolutionConfigurationPlatforms) = preSolution
		Debug|Any CPU = Debug|Any CPU
		Release|Any CPU = Release|Any CPU
	EndGlobalSection
	GlobalSection(ProjectConfigurationPlatforms) = postSolution
		{A79D054D-4D8D-45C7-9CFC-B955A6F5D3E1}.Debug|Any CPU.ActiveCfg = Debug|Any CPU
		{A79D054D-4D8D-45C7-9CFC-B955A6F5D3E1}.Debug|Any CPU.Build.0 = Debug|Any CPU
		{A79D054D-4D8D-45C7-9CFC-B955A6F5D3E1}.Release|Any CPU.ActiveCfg = Release|Any CPU
		{A79D054D-4D8D-45C7-9CFC-B955A6F5D3E1}.Release|Any CPU.Build.0 = Release|Any CPU
		{BAE6F49D-0905-4017-AD4A-5B6AA1D3883A}.Debug|Any CPU.ActiveCfg = Debug|Any CPU
		{BAE6F49D-0905-4017-AD4A-5B6AA1D3883A}.Debug|Any CPU.Build.0 = Debug|Any CPU
		{BAE6F49D-0905-4017-AD4A-5B6AA1D3883A}.Release|Any CPU.ActiveCfg = Release|Any CPU
		{BAE6F49D-0905-4017-AD4A-5B6AA1D3883A}.Release|Any CPU.Build.0 = Release|Any CPU
		{83237E33-141A-4586-B661-032CDA2DAB44}.Debug|Any CPU.ActiveCfg = Debug|Any CPU
		{83237E33-141A-4586-B661-032CDA2DAB44}.Debug|Any CPU.Build.0 = Debug|Any CPU
		{83237E33-141A-4586-B661-032CDA2DAB44}.Release|Any CPU.ActiveCfg = Release|Any CPU
		{83237E33-141A-4586-B661-032CDA2DAB44}.Release|Any CPU.Build.0 = Release|Any CPU
	EndGlobalSection
	GlobalSection(SolutionProperties) = preSolution
		HideSolutionNode = FALSE
	EndGlobalSection
	GlobalSection(ExtensibilityGlobals) = postSolution
		SolutionGuid = {FA4337DE-69D4-4C23-A84E-FE967808B8E3}
	EndGlobalSection
EndGlobal
